# This file is automatically @generated by Cargo.
# It is not intended for manual editing.
version = 4

[[package]]
name = "modhash"
version = "0.1.0"
dependencies = [
 "modhash-audio",
 "modhash-bmp",
 "modhash-fastcdc",
 "modhash-flac",
 "modhash-h264",
 "modhash-index",
 "modhash-inflate",
 "modhash-jpeg",
 "modhash-math",
 "modhash-mp3",
 "modhash-mp4",
 "modhash-pdf",
 "modhash-png",
 "modhash-primitives",
 "modhash-raster",
 "modhash-text",
 "modhash-tier3",
 "modhash-unicode",
 "modhash-video",
 "modhash-wav",
 "modhash-zip",
]

[[package]]
name = "modhash-audio"
version = "0.1.0"
dependencies = [
 "modhash-flac",
 "modhash-math",
 "modhash-wav",
]

[[package]]
name = "modhash-bmp"
version = "0.1.0"
dependencies = [
 "modhash-raster",
]

[[package]]
name = "modhash-cli"
version = "0.1.0"
dependencies = [
 "modhash",
]

[[package]]
name = "modhash-fastcdc"
version = "0.1.0"
dependencies = [
 "modhash-primitives",
]

[[package]]
name = "modhash-flac"
version = "0.1.0"
dependencies = [
 "modhash-primitives",
]

[[package]]
name = "modhash-h264"
version = "0.1.0"
dependencies = [
 "modhash-math",
 "modhash-primitives",
 "modhash-raster",
]

[[package]]
name = "modhash-index"
version = "0.1.0"
dependencies = [
 "modhash-primitives",
]

[[package]]
name = "modhash-inflate"
version = "0.1.0"

[[package]]
name = "modhash-jpeg"
version = "0.1.0"
dependencies = [
 "modhash-raster",
]

[[package]]
name = "modhash-math"
version = "0.1.0"

[[package]]
name = "modhash-mp3"
version = "0.1.0"
dependencies = [
 "modhash-primitives",
]

[[package]]
name = "modhash-mp4"
version = "0.1.0"
dependencies = [
 "modhash-primitives",
]

[[package]]
name = "modhash-pdf"
version = "0.1.0"
dependencies = [
 "modhash-inflate",
 "modhash-primitives",
 "modhash-text",
]

[[package]]
name = "modhash-png"
version = "0.1.0"
dependencies = [
 "modhash-raster",
]

[[package]]
name = "modhash-primitives"
version = "0.1.0"

[[package]]
name = "modhash-raster"
version = "0.1.0"

[[package]]
name = "modhash-text"
version = "0.1.0"
dependencies = [
 "modhash-unicode",
]

[[package]]
name = "modhash-tier3"
version = "0.1.0"
dependencies = [
 "modhash-math",
 "modhash-raster",
]

[[package]]
name = "modhash-unicode"
version = "0.1.0"

[[package]]
name = "modhash-video"
version = "0.1.0"
dependencies = [
 "modhash-h264",
 "modhash-mp4",
 "modhash-primitives",
 "modhash-raster",
 "modhash-text",
]

[[package]]
name = "modhash-wav"
version = "0.1.0"
dependencies = [
 "modhash-primitives",
]

[[package]]
name = "modhash-zip"
version = "0.1.0"
dependencies = [
 "modhash-inflate",
]
